
Microsoft Visual Studio Solution File, Format Version 12.00
# Visual Studio Version 17
VisualStudioVersion = 17.14.36414.22 d17.14
MinimumVisualStudioVersion = 10.0.40219.1
Project("{8BC9CEB8-8B4A-11D0-8D11-00A0C91BC942}") = "0909_1.cpp", "0909_1.cpp\0909_1.cpp.vcxproj", "{316BE4BE-70DE-488F-9157-15A452E8CB35}"
EndProject
Global
	GlobalSection(SolutionConfigurationPlatforms) = preSolution
		Debug|x64 = Debug|x64
		Debug|x86 = Debug|x86
		Release|x64 = Release|x64
		Release|x86 = Release|x86
	EndGlobalSection
	GlobalSection(ProjectConfigurationPlatforms) = postSolution
		{316BE4BE-70DE-488F-9157-15A452E8CB35}.Debug|x64.ActiveCfg = Debug|x64
		{316BE4BE-70DE-488F-9157-15A452E8CB35}.Debug|x64.Build.0 = Debug|x64
		{316BE4BE-70DE-488F-9157-15A452E8CB35}.Debug|x86.ActiveCfg = Debug|Win32
		{316BE4BE-70DE-488F-9157-15A452E8CB35}.Debug|x86.Build.0 = Debug|Win32
		{316BE4BE-70DE-488F-9157-15A452E8CB35}.Release|x64.ActiveCfg = Release|x64
		{316BE4BE-70DE-488F-9157-15A452E8CB35}.Release|x64.Build.0 = Release|x64
		{316BE4BE-70DE-488F-9157-15A452E8CB35}.Release|x86.ActiveCfg = Release|Win32
		{316BE4BE-70DE-488F-9157-15A452E8CB35}.Release|x86.Build.0 = Release|Win32
	EndGlobalSection
	GlobalSection(SolutionProperties) = preSolution
		HideSolutionNode = FALSE
	EndGlobalSection
	GlobalSection(ExtensibilityGlobals) = postSolution
		SolutionGuid = {A3A20D96-3EB3-41F9-9EBF-64C28EB0B771}
	EndGlobalSection
EndGlobal
